// !$*UTF8*$!
{
	archiveVersion = 1;
	classes = {
	};
	objectVersion = 46;
	objects = {

/* Begin PBXBuildFile section */
		095194561A68CB1A004EF8C0 /* AppDelegate.swift in Sources */ = {isa = PBXBuildFile; fileRef = 095194551A68CB1A004EF8C0 /* AppDelegate.swift */; };
		095194581A68CB1A004EF8C0 /* ViewController.swift in Sources */ = {isa = PBXBuildFile; fileRef = 095194571A68CB1A004EF8C0 /* ViewController.swift */; };
		0951945B1A68CB1A004EF8C0 /* Main.storyboard in Resources */ = {isa = PBXBuildFile; fileRef = 095194591A68CB1A004EF8C0 /* Main.storyboard */; };
		0951945D1A68CB1A004EF8C0 /* Images.xcassets in Resources */ = {isa = PBXBuildFile; fileRef = 0951945C1A68CB1A004EF8C0 /* Images.xcassets */; };
		095194601A68CB1A004EF8C0 /* LaunchScreen.xib in Resources */ = {isa = PBXBuildFile; fileRef = 0951945E1A68CB1A004EF8C0 /* LaunchScreen.xib */; };
		0951946C1A68CB1A004EF8C0 /* TableviewTutorialTests.swift in Sources */ = {isa = PBXBuildFile; fileRef = 0951946B1A68CB1A004EF8C0 /* TableviewTutorialTests.swift */; };
		09A63A411A7787BA008EFE5E /* Apple_Swift_Logo.png in Resources */ = {isa = PBXBuildFile; fileRef = 09A63A3C1A7787BA008EFE5E /* Apple_Swift_Logo.png */; };
		09A63A421A7787BA008EFE5E /* Flag_of_India.png in Resources */ = {isa = PBXBuildFile; fileRef = 09A63A3D1A7787BA008EFE5E /* Flag_of_India.png */; };
		09A63A431A7787BA008EFE5E /* Flag_of_Palestine.png in Resources */ = {isa = PBXBuildFile; fileRef = 09A63A3E1A7787BA008EFE5E /* Flag_of_Palestine.png */; };
		09A63A441A7787BA008EFE5E /* Flag_of_Thailand.png in Resources */ = {isa = PBXBuildFile; fileRef = 09A63A3F1A7787BA008EFE5E /* Flag_of_Thailand.png */; };
		09A63A451A7787BA008EFE5E /* Flag_of_United_States.png in Resources */ = {isa = PBXBuildFile; fileRef = 09A63A401A7787BA008EFE5E /* Flag_of_United_States.png */; };
		09A63A481A77887A008EFE5E /* qwinix-logo-fb.png in Resources */ = {isa = PBXBuildFile; fileRef = 09A63A471A77887A008EFE5E /* qwinix-logo-fb.png */; };
/* End PBXBuildFile section */

/* Begin PBXContainerItemProxy section */
		095194661A68CB1A004EF8C0 /* PBXContainerItemProxy */ = {
			isa = PBXContainerItemProxy;
			containerPortal = 095194481A68CB1A004EF8C0 /* Project object */;
			proxyType = 1;
			remoteGlobalIDString = 0951944F1A68CB1A004EF8C0;
			remoteInfo = TableviewTutorial;
		};
/* End PBXContainerItemProxy section */

/* Begin PBXFileReference section */
		095194501A68CB1A004EF8C0 /* TableviewTutorial.app */ = {isa = PBXFileReference; explicitFileType = wrapper.application; includeInIndex = 0; path = TableviewTutorial.app; sourceTree = BUILT_PRODUCTS_DIR; };
		095194541A68CB1A004EF8C0 /* Info.plist */ = {isa = PBXFileReference; lastKnownFileType = text.plist.xml; path = Info.plist; sourceTree = "<group>"; };
		095194551A68CB1A004EF8C0 /* AppDelegate.swift */ = {isa = PBXFileReference; lastKnownFileType = sourcecode.swift; path = AppDelegate.swift; sourceTree = "<group>"; };
		095194571A68CB1A004EF8C0 /* ViewController.swift */ = {isa = PBXFileReference; lastKnownFileType = sourcecode.swift; path = ViewController.swift; sourceTree = "<group>"; };
		0951945A1A68CB1A004EF8C0 /* Base */ = {isa = PBXFileReference; lastKnownFileType = file.storyboard; name = Base; path = Base.lproj/Main.storyboard; sourceTree = "<group>"; };
		0951945C1A68CB1A004EF8C0 /* Images.xcassets */ = {isa = PBXFileReference; lastKnownFileType = folder.assetcatalog; path = Images.xcassets; sourceTree = "<group>"; };
		0951945F1A68CB1A004EF8C0 /* Base */ = {isa = PBXFileReference; lastKnownFileType = file.xib; name = Base; path = Base.lproj/LaunchScreen.xib; sourceTree = "<group>"; };
		095194651A68CB1A004EF8C0 /* TableviewTutorialTests.xctest */ = {isa = PBXFileReference; explicitFileType = wrapper.cfbundle; includeInIndex = 0; path = TableviewTutorialTests.xctest; sourceTree = BUILT_PRODUCTS_DIR; };
		0951946A1A68CB1A004EF8C0 /* Info.plist */ = {isa = PBXFileReference; lastKnownFileType = text.plist.xml; path = Info.plist; sourceTree = "<group>"; };
		0951946B1A68CB1A004EF8C0 /* TableviewTutorialTests.swift */ = {isa = PBXFileReference; lastKnownFileType = sourcecode.swift; path = TableviewTutorialTests.swift; sourceTree = "<group>"; };
		09A63A3C1A7787BA008EFE5E /* Apple_Swift_Logo.png */ = {isa = PBXFileReference; lastKnownFileType = image.png; path = Apple_Swift_Logo.png; sourceTree = "<group>"; };
		09A63A3D1A7787BA008EFE5E /* Flag_of_India.png */ = {isa = PBXFileReference; lastKnownFileType = image.png; path = Flag_of_India.png; sourceTree = "<group>"; };
		09A63A3E1A7787BA008EFE5E /* Flag_of_Palestine.png */ = {isa = PBXFileReference; lastKnownFileType = image.png; path = Flag_of_Palestine.png; sourceTree = "<group>"; };
		09A63A3F1A7787BA008EFE5E /* Flag_of_Thailand.png */ = {isa = PBXFileReference; lastKnownFileType = image.png; path = Flag_of_Thailand.png; sourceTree = "<group>"; };
		09A63A401A7787BA008EFE5E /* Flag_of_United_States.png */ = {isa = PBXFileReference; lastKnownFileType = image.png; path = Flag_of_United_States.png; sourceTree = "<group>"; };
		09A63A471A77887A008EFE5E /* qwinix-logo-fb.png */ = {isa = PBXFileReference; lastKnownFileType = image.png; path = "qwinix-logo-fb.png"; sourceTree = "<group>"; };
/* End PBXFileReference section */

/* Begin PBXFrameworksBuildPhase section */
		0951944D1A68CB1A004EF8C0 /* Frameworks */ = {
			isa = PBXFrameworksBuildPhase;
			buildActionMask = 2147483647;
			files = (
			);
			runOnlyForDeploymentPostprocessing = 0;
		};
		095194621A68CB1A004EF8C0 /* Frameworks */ = {
			isa = PBXFrameworksBuildPhase;
			buildActionMask = 2147483647;
			files = (
			);
			runOnlyForDeploymentPostprocessing = 0;
		};
/* End PBXFrameworksBuildPhase section */

/* Begin PBXGroup section */
		095194471A68CB1A004EF8C0 = {
			isa = PBXGroup;
			children = (
				095194521A68CB1A004EF8C0 /* TableviewTutorial */,
				095194681A68CB1A004EF8C0 /* TableviewTutorialTests */,
				095194511A68CB1A004EF8C0 /* Products */,
			);
			sourceTree = "<group>";
		};
		095194511A68CB1A004EF8C0 /* Products */ = {
			isa = PBXGroup;
			children = (
				095194501A68CB1A004EF8C0 /* TableviewTutorial.app */,
				095194651A68CB1A004EF8C0 /* TableviewTutorialTests.xctest */,
			);
			name = Products;
			sourceTree = "<group>";
		};
		095194521A68CB1A004EF8C0 /* TableviewTutorial */ = {
			isa = PBXGroup;
			children = (
				095194551A68CB1A004EF8C0 /* AppDelegate.swift */,
				095194571A68CB1A004EF8C0 /* ViewController.swift */,
				095194591A68CB1A004EF8C0 /* Main.storyboard */,
				09A63A461A7787C1008EFE5E /* Images */,
				0951945C1A68CB1A004EF8C0 /* Images.xcassets */,
				0951945E1A68CB1A004EF8C0 /* LaunchScreen.xib */,
				095194531A68CB1A004EF8C0 /* Supporting Files */,
			);
			path = TableviewTutorial;
			sourceTree = "<group>";
		};
		095194531A68CB1A004EF8C0 /* Supporting Files */ = {
			isa = PBXGroup;
			children = (
				095194541A68CB1A004EF8C0 /* Info.plist */,
			);
			name = "Supporting Files";
			sourceTree = "<group>";
		};
		095194681A68CB1A004EF8C0 /* TableviewTutorialTests */ = {
			isa = PBXGroup;
			children = (
				0951946B1A68CB1A004EF8C0 /* TableviewTutorialTests.swift */,
				095194691A68CB1A004EF8C0 /* Supporting Files */,
			);
			path = TableviewTutorialTests;
			sourceTree = "<group>";
		};
		095194691A68CB1A004EF8C0 /* Supporting Files */ = {
			isa = PBXGroup;
			children = (
				0951946A1A68CB1A004EF8C0 /* Info.plist */,
			);
			name = "Supporting Files";
			sourceTree = "<group>";
		};
		09A63A461A7787C1008EFE5E /* Images */ = {
			isa = PBXGroup;
			children = (
				09A63A3C1A7787BA008EFE5E /* Apple_Swift_Logo.png */,
				09A63A3D1A7787BA008EFE5E /* Flag_of_India.png */,
				09A63A3E1A7787BA008EFE5E /* Flag_of_Palestine.png */,
				09A63A3F1A7787BA008EFE5E /* Flag_of_Thailand.png */,
				09A63A401A7787BA008EFE5E /* Flag_of_United_States.png */,
				09A63A471A77887A008EFE5E /* qwinix-logo-fb.png */,
			);
			name = Images;
			sourceTree = "<group>";
		};
/* End PBXGroup section */

/* Begin PBXNativeTarget section */
		0951944F1A68CB1A004EF8C0 /* TableviewTutorial */ = {
			isa = PBXNativeTarget;
			buildConfigurationList = 0951946F1A68CB1A004EF8C0 /* Build configuration list for PBXNativeTarget "TableviewTutorial" */;
			buildPhases = (
				0951944C1A68CB1A004EF8C0 /* Sources */,
				0951944D1A68CB1A004EF8C0 /* Frameworks */,
				0951944E1A68CB1A004EF8C0 /* Resources */,
			);
			buildRules = (
			);
			dependencies = (
			);
			name = TableviewTutorial;
			productName = TableviewTutorial;
			productReference = 095194501A68CB1A004EF8C0 /* TableviewTutorial.app */;
			productType = "com.apple.product-type.application";
		};
		095194641A68CB1A004EF8C0 /* TableviewTutorialTests */ = {
			isa = PBXNativeTarget;
			buildConfigurationList = 095194721A68CB1A004EF8C0 /* Build configuration list for PBXNativeTarget "TableviewTutorialTests" */;
			buildPhases = (
				095194611A68CB1A004EF8C0 /* Sources */,
				095194621A68CB1A004EF8C0 /* Frameworks */,
				095194631A68CB1A004EF8C0 /* Resources */,
			);
			buildRules = (
			);
			dependencies = (
				095194671A68CB1A004EF8C0 /* PBXTargetDependency */,
			);
			name = TableviewTutorialTests;
			productName = TableviewTutorialTests;
			productReference = 095194651A68CB1A004EF8C0 /* TableviewTutorialTests.xctest */;
			productType = "com.apple.product-type.bundle.unit-test";
		};
/* End PBXNativeTarget section */

/* Begin PBXProject section */
		095194481A68CB1A004EF8C0 /* Project object */ = {
			isa = PBXProject;
			attributes = {
				LastUpgradeCheck = 0610;
				ORGANIZATIONNAME = "Ravindra Kishan";
				TargetAttributes = {
					0951944F1A68CB1A004EF8C0 = {
						CreatedOnToolsVersion = 6.1.1;
					};
					095194641A68CB1A004EF8C0 = {
						CreatedOnToolsVersion = 6.1.1;
						TestTargetID = 0951944F1A68CB1A004EF8C0;
					};
				};
			};
			buildConfigurationList = 0951944B1A68CB1A004EF8C0 /* Build configuration list for PBXProject "TableviewTutorial" */;
			compatibilityVersion = "Xcode 3.2";
			developmentRegion = English;
			hasScannedForEncodings = 0;
			knownRegions = (
				en,
				Base,
			);
			mainGroup = 095194471A68CB1A004EF8C0;
			productRefGroup = 095194511A68CB1A004EF8C0 /* Products */;
			projectDirPath = "";
			projectRoot = "";
			targets = (
				0951944F1A68CB1A004EF8C0 /* TableviewTutorial */,
				095194641A68CB1A004EF8C0 /* TableviewTutorialTests */,
			);
		};
/* End PBXProject section */

/* Begin PBXResourcesBuildPhase section */
		0951944E1A68CB1A004EF8C0 /* Resources */ = {
			isa = PBXResourcesBuildPhase;
			buildActionMask = 2147483647;
			files = (
				0951945B1A68CB1A004EF8C0 /* Main.storyboard in Resources */,
				09A63A411A7787BA008EFE5E /* Apple_Swift_Logo.png in Resources */,
				095194601A68CB1A004EF8C0 /* LaunchScreen.xib in Resources */,
				09A63A481A77887A008EFE5E /* qwinix-logo-fb.png in Resources */,
				0951945D1A68CB1A004EF8C0 /* Images.xcassets in Resources */,
				09A63A431A7787BA008EFE5E /* Flag_of_Palestine.png in Resources */,
				09A63A451A7787BA008EFE5E /* Flag_of_United_States.png in Resources */,
				09A63A421A7787BA008EFE5E /* Flag_of_India.png in Resources */,
				09A63A441A7787BA008EFE5E /* Flag_of_Thailand.png in Resources */,
			);
			runOnlyForDeploymentPostprocessing = 0;
		};
		095194631A68CB1A004EF8C0 /* Resources */ = {
			isa = PBXResourcesBuildPhase;
			buildActionMask = 2147483647;
			files = (
			);
			runOnlyForDeploymentPostprocessing = 0;
		};
/* End PBXResourcesBuildPhase section */

/* Begin PBXSourcesBuildPhase section */
		0951944C1A68CB1A004EF8C0 /* Sources */ = {
			isa = PBXSourcesBuildPhase;
			buildActionMask = 2147483647;
			files = (
				095194581A68CB1A004EF8C0 /* ViewController.swift in Sources */,
				095194561A68CB1A004EF8C0 /* AppDelegate.swift in Sources */,
			);
			runOnlyForDeploymentPostprocessing = 0;
		};
		095194611A68CB1A004EF8C0 /* Sources */ = {
			isa = PBXSourcesBuildPhase;
			buildActionMask = 2147483647;
			files = (
				0951946C1A68CB1A004EF8C0 /* TableviewTutorialTests.swift in Sources */,
			);
			runOnlyForDeploymentPostprocessing = 0;
		};
/* End PBXSourcesBuildPhase section */

/* Begin PBXTargetDependency section */
		095194671A68CB1A004EF8C0 /* PBXTargetDependency */ = {
			isa = PBXTargetDependency;
			target = 0951944F1A68CB1A004EF8C0 /* TableviewTutorial */;
			targetProxy = 095194661A68CB1A004EF8C0 /* PBXContainerItemProxy */;
		};
/* End PBXTargetDependency section */

/* Begin PBXVariantGroup section */
		095194591A68CB1A004EF8C0 /* Main.storyboard */ = {
			isa = PBXVariantGroup;
			children = (
				0951945A1A68CB1A004EF8C0 /* Base */,
			);
			name = Main.storyboard;
			sourceTree = "<group>";
		};
		0951945E1A68CB1A004EF8C0 /* LaunchScreen.xib */ = {
			isa = PBXVariantGroup;
			children = (
				0951945F1A68CB1A004EF8C0 /* Base */,
			);
			name = LaunchScreen.xib;
			sourceTree = "<group>";
		};
/* End PBXVariantGroup section */

/* Begin XCBuildConfiguration section */
		0951946D1A68CB1A004EF8C0 /* Debug */ = {
			isa = XCBuildConfiguration;
			buildSettings = {
				ALWAYS_SEARCH_USER_PATHS = NO;
				CLANG_CXX_LANGUAGE_STANDARD = "gnu++0x";
				CLANG_CXX_LIBRARY = "libc++";
				CLANG_ENABLE_MODULES = YES;
				CLANG_ENABLE_OBJC_ARC = YES;
				CLANG_WARN_BOOL_CONVERSION = YES;
				CLANG_WARN_CONSTANT_CONVERSION = YES;
				CLANG_WARN_DIRECT_OBJC_ISA_USAGE = YES_ERROR;
				CLANG_WARN_EMPTY_BODY = YES;
				CLANG_WARN_ENUM_CONVERSION = YES;
				CLANG_WARN_INT_CONVERSION = YES;
				CLANG_WARN_OBJC_ROOT_CLASS = YES_ERROR;
				CLANG_WARN_UNREACHABLE_CODE = YES;
				CLANG_WARN__DUPLICATE_METHOD_MATCH = YES;
				"CODE_SIGN_IDENTITY[sdk=iphoneos*]" = "iPhone Developer";
				COPY_PHASE_STRIP = NO;
				ENABLE_STRICT_OBJC_MSGSEND = YES;
				GCC_C_LANGUAGE_STANDARD = gnu99;
				GCC_DYNAMIC_NO_PIC = NO;
				GCC_OPTIMIZATION_LEVEL = 0;
				GCC_PREPROCESSOR_DEFINITIONS = (
					"DEBUG=1",
					"$(inherited)",
				);
				GCC_SYMBOLS_PRIVATE_EXTERN = NO;
				GCC_WARN_64_TO_32_BIT_CONVERSION = YES;
				GCC_WARN_ABOUT_RETURN_TYPE = YES_ERROR;
				GCC_WARN_UNDECLARED_SELECTOR = YES;
				GCC_WARN_UNINITIALIZED_AUTOS = YES_AGGRESSIVE;
				GCC_WARN_UNUSED_FUNCTION = YES;
				GCC_WARN_UNUSED_VARIABLE = YES;
				IPHONEOS_DEPLOYMENT_TARGET = 8.1;
				MTL_ENABLE_DEBUG_INFO = YES;
				ONLY_ACTIVE_ARCH = YES;
				SDKROOT = iphoneos;
				SWIFT_OPTIMIZATION_LEVEL = "-Onone";
			};
			name = Debug;
		};
		0951946E1A68CB1A004EF8C0 /* Release */ = {
			isa = XCBuildConfiguration;
			buildSettings = {
				ALWAYS_SEARCH_USER_PATHS = NO;
				CLANG_CXX_LANGUAGE_STANDARD = "gnu++0x";
				CLANG_CXX_LIBRARY = "libc++";
				CLANG_ENABLE_MODULES = YES;
				CLANG_ENABLE_OBJC_ARC = YES;
				CLANG_WARN_BOOL_CONVERSION = YES;
				CLANG_WARN_CONSTANT_CONVERSION = YES;
				CLANG_WARN_DIRECT_OBJC_ISA_USAGE = YES_ERROR;
				CLANG_WARN_EMPTY_BODY = YES;
				CLANG_WARN_ENUM_CONVERSION = YES;
				CLANG_WARN_INT_CONVERSION = YES;
				CLANG_WARN_OBJC_ROOT_CLASS = YES_ERROR;
				CLANG_WARN_UNREACHABLE_CODE = YES;
				CLANG_WARN__DUPLICATE_METHOD_MATCH = YES;
				"CODE_SIGN_IDENTITY[sdk=iphoneos*]" = "iPhone Developer";
				COPY_PHASE_STRIP = YES;
				ENABLE_NS_ASSERTIONS = NO;
				ENABLE_STRICT_OBJC_MSGSEND = YES;
				GCC_C_LANGUAGE_STANDARD = gnu99;
				GCC_WARN_64_TO_32_BIT_CONVERSION = YES;
				GCC_WARN_ABOUT_RETURN_TYPE = YES_ERROR;
				GCC_WARN_UNDECLARED_SELECTOR = YES;
				GCC_WARN_UNINITIALIZED_AUTOS = YES_AGGRESSIVE;
				GCC_WARN_UNUSED_FUNCTION = YES;
				GCC_WARN_UNUSED_VARIABLE = YES;
				IPHONEOS_DEPLOYMENT_TARGET = 8.1;
				MTL_ENABLE_DEBUG_INFO = NO;
				SDKROOT = iphoneos;
				VALIDATE_PRODUCT = YES;
			};
			name = Release;
		};
		095194701A68CB1A004EF8C0 /* Debug */ = {
			isa = XCBuildConfiguration;
			buildSettings = {
				ASSETCATALOG_COMPILER_APPICON_NAME = AppIcon;
				INFOPLIST_FILE = TableviewTutorial/Info.plist;
				LD_RUNPATH_SEARCH_PATHS = "$(inherited) @executable_path/Frameworks";
				PRODUCT_NAME = "$(TARGET_NAME)";
			};
			name = Debug;
		};
		095194711A68CB1A004EF8C0 /* Release */ = {
			isa = XCBuildConfiguration;
			buildSettings = {
				ASSETCATALOG_COMPILER_APPICON_NAME = AppIcon;
				INFOPLIST_FILE = TableviewTutorial/Info.plist;
				LD_RUNPATH_SEARCH_PATHS = "$(inherited) @executable_path/Frameworks";
				PRODUCT_NAME = "$(TARGET_NAME)";
			};
			name = Release;
		};
		095194731A68CB1A004EF8C0 /* Debug */ = {
			isa = XCBuildConfiguration;
			buildSettings = {
				BUNDLE_LOADER = "$(TEST_HOST)";
				FRAMEWORK_SEARCH_PATHS = (
					"$(SDKROOT)/Developer/Library/Frameworks",
					"$(inherited)",
				);
				GCC_PREPROCESSOR_DEFINITIONS = (
					"DEBUG=1",
					"$(inherited)",
				);
				INFOPLIST_FILE = TableviewTutorialTests/Info.plist;
				LD_RUNPATH_SEARCH_PATHS = "$(inherited) @executable_path/Frameworks @loader_path/Frameworks";
				PRODUCT_NAME = "$(TARGET_NAME)";
				TEST_HOST = "$(BUILT_PRODUCTS_DIR)/TableviewTutorial.app/TableviewTutorial";
			};
			name = Debug;
		};
		095194741A68CB1A004EF8C0 /* Release */ = {
			isa = XCBuildConfiguration;
			buildSettings = {
				BUNDLE_LOADER = "$(TEST_HOST)";
				FRAMEWORK_SEARCH_PATHS = (
					"$(SDKROOT)/Developer/Library/Frameworks",
					"$(inherited)",
				);
				INFOPLIST_FILE = TableviewTutorialTests/Info.plist;
				LD_RUNPATH_SEARCH_PATHS = "$(inherited) @executable_path/Frameworks @loader_path/Frameworks";
				PRODUCT_NAME = "$(TARGET_NAME)";
				TEST_HOST = "$(BUILT_PRODUCTS_DIR)/TableviewTutorial.app/TableviewTutorial";
			};
			name = Release;
		};
/* End XCBuildConfiguration section */

/* Begin XCConfigurationList section */
		0951944B1A68CB1A004EF8C0 /* Build configuration list for PBXProject "TableviewTutorial" */ = {
			isa = XCConfigurationList;
			buildConfigurations = (
				0951946D1A68CB1A004EF8C0 /* Debug */,
				0951946E1A68CB1A004EF8C0 /* Release */,
			);
			defaultConfigurationIsVisible = 0;
			defaultConfigurationName = Release;
		};
		0951946F1A68CB1A004EF8C0 /* Build configuration list for PBXNativeTarget "TableviewTutorial" */ = {
			isa = XCConfigurationList;
			buildConfigurations = (
				095194701A68CB1A004EF8C0 /* Debug */,
				095194711A68CB1A004EF8C0 /* Release */,
			);
			defaultConfigurationIsVisible = 0;
			defaultConfigurationName = Release;
		};
		095194721A68CB1A004EF8C0 /* Build configuration list for PBXNativeTarget "TableviewTutorialTests" */ = {
			isa = XCConfigurationList;
			buildConfigurations = (
				095194731A68CB1A004EF8C0 /* Debug */,
				095194741A68CB1A004EF8C0 /* Release */,
			);
			defaultConfigurationIsVisible = 0;
			defaultConfigurationName = Release;
		};
/* End XCConfigurationList section */
	};
	rootObject = 095194481A68CB1A004EF8C0 /* Project object */;
}
